// !$*UTF8*$!
{
	archiveVersion = 1;
	classes = {
	};
	objectVersion = 50;
	objects = {

/* Begin PBXBuildFile section */
		1CDDC6D3BF61DBE7156F27DF /* Pods_Todoey.framework in Frameworks */ = {isa = PBXBuildFile; fileRef = 2808B26AE638F232552AB0EB /* Pods_Todoey.framework */; };
		D348BB8220F3649C00AC9D4E /* CategoryViewController.swift in Sources */ = {isa = PBXBuildFile; fileRef = D348BB8120F3649C00AC9D4E /* CategoryViewController.swift */; };
		D38DD6CC20E3AFD700BD3816 /* AppDelegate.swift in Sources */ = {isa = PBXBuildFile; fileRef = D38DD6CB20E3AFD700BD3816 /* AppDelegate.swift */; };
		D38DD6CE20E3AFD700BD3816 /* TodoListViewController.swift in Sources */ = {isa = PBXBuildFile; fileRef = D38DD6CD20E3AFD700BD3816 /* TodoListViewController.swift */; };
		D38DD6D120E3AFD700BD3816 /* Main.storyboard in Resources */ = {isa = PBXBuildFile; fileRef = D38DD6CF20E3AFD700BD3816 /* Main.storyboard */; };
		D38DD6D320E3AFD900BD3816 /* Assets.xcassets in Resources */ = {isa = PBXBuildFile; fileRef = D38DD6D220E3AFD900BD3816 /* Assets.xcassets */; };
		D38DD6D620E3AFD900BD3816 /* LaunchScreen.storyboard in Resources */ = {isa = PBXBuildFile; fileRef = D38DD6D420E3AFD900BD3816 /* LaunchScreen.storyboard */; };
		D39441E920F6314E00351168 /* Item.swift in Sources */ = {isa = PBXBuildFile; fileRef = D39441E820F6314E00351168 /* Item.swift */; };
		D39441EB20F6317700351168 /* Category.swift in Sources */ = {isa = PBXBuildFile; fileRef = D39441EA20F6317700351168 /* Category.swift */; };
/* End PBXBuildFile section */

/* Begin PBXFileReference section */
		2808B26AE638F232552AB0EB /* Pods_Todoey.framework */ = {isa = PBXFileReference; explicitFileType = wrapper.framework; includeInIndex = 0; path = Pods_Todoey.framework; sourceTree = BUILT_PRODUCTS_DIR; };
		87F1D7DAF249A8BFABF381BC /* Pods-Todoey.release.xcconfig */ = {isa = PBXFileReference; includeInIndex = 1; lastKnownFileType = text.xcconfig; name = "Pods-Todoey.release.xcconfig"; path = "Pods/Target Support Files/Pods-Todoey/Pods-Todoey.release.xcconfig"; sourceTree = "<group>"; };
		8F6456DC92E3E00BEE51198E /* Pods-Todoey.debug.xcconfig */ = {isa = PBXFileReference; includeInIndex = 1; lastKnownFileType = text.xcconfig; name = "Pods-Todoey.debug.xcconfig"; path = "Pods/Target Support Files/Pods-Todoey/Pods-Todoey.debug.xcconfig"; sourceTree = "<group>"; };
		D348BB8120F3649C00AC9D4E /* CategoryViewController.swift */ = {isa = PBXFileReference; lastKnownFileType = sourcecode.swift; path = CategoryViewController.swift; sourceTree = "<group>"; };
		D38DD6C820E3AFD700BD3816 /* Todoey.app */ = {isa = PBXFileReference; explicitFileType = wrapper.application; includeInIndex = 0; path = Todoey.app; sourceTree = BUILT_PRODUCTS_DIR; };
		D38DD6CB20E3AFD700BD3816 /* AppDelegate.swift */ = {isa = PBXFileReference; lastKnownFileType = sourcecode.swift; path = AppDelegate.swift; sourceTree = "<group>"; };
		D38DD6CD20E3AFD700BD3816 /* TodoListViewController.swift */ = {isa = PBXFileReference; lastKnownFileType = sourcecode.swift; path = TodoListViewController.swift; sourceTree = "<group>"; };
		D38DD6D020E3AFD700BD3816 /* Base */ = {isa = PBXFileReference; lastKnownFileType = file.storyboard; name = Base; path = Base.lproj/Main.storyboard; sourceTree = "<group>"; };
		D38DD6D220E3AFD900BD3816 /* Assets.xcassets */ = {isa = PBXFileReference; lastKnownFileType = folder.assetcatalog; path = Assets.xcassets; sourceTree = "<group>"; };
		D38DD6D520E3AFD900BD3816 /* Base */ = {isa = PBXFileReference; lastKnownFileType = file.storyboard; name = Base; path = Base.lproj/LaunchScreen.storyboard; sourceTree = "<group>"; };
		D38DD6D720E3AFD900BD3816 /* Info.plist */ = {isa = PBXFileReference; lastKnownFileType = text.plist.xml; path = Info.plist; sourceTree = "<group>"; };
		D39441E820F6314E00351168 /* Item.swift */ = {isa = PBXFileReference; lastKnownFileType = sourcecode.swift; path = Item.swift; sourceTree = "<group>"; };
		D39441EA20F6317700351168 /* Category.swift */ = {isa = PBXFileReference; lastKnownFileType = sourcecode.swift; path = Category.swift; sourceTree = "<group>"; };
/* End PBXFileReference section */

/* Begin PBXFrameworksBuildPhase section */
		D38DD6C520E3AFD700BD3816 /* Frameworks */ = {
			isa = PBXFrameworksBuildPhase;
			buildActionMask = 2147483647;
			files = (
				1CDDC6D3BF61DBE7156F27DF /* Pods_Todoey.framework in Frameworks */,
			);
			runOnlyForDeploymentPostprocessing = 0;
		};
/* End PBXFrameworksBuildPhase section */

/* Begin PBXGroup section */
		2E18B53517F5098383C30749 /* Pods */ = {
			isa = PBXGroup;
			children = (
				8F6456DC92E3E00BEE51198E /* Pods-Todoey.debug.xcconfig */,
				87F1D7DAF249A8BFABF381BC /* Pods-Todoey.release.xcconfig */,
			);
			name = Pods;
			sourceTree = "<group>";
		};
		D362165020EA4BA600AB9763 /* Data Model */ = {
			isa = PBXGroup;
			children = (
				D39441EA20F6317700351168 /* Category.swift */,
				D39441E820F6314E00351168 /* Item.swift */,
			);
			path = "Data Model";
			sourceTree = "<group>";
		};
		D362165120EA4BCC00AB9763 /* Controllers */ = {
			isa = PBXGroup;
			children = (
				D348BB8120F3649C00AC9D4E /* CategoryViewController.swift */,
				D38DD6CD20E3AFD700BD3816 /* TodoListViewController.swift */,
			);
			path = Controllers;
			sourceTree = "<group>";
		};
		D362165220EA4BE100AB9763 /* Views */ = {
			isa = PBXGroup;
			children = (
				D38DD6CF20E3AFD700BD3816 /* Main.storyboard */,
			);
			path = Views;
			sourceTree = "<group>";
		};
		D362165320EA4BFC00AB9763 /* Supporting Files */ = {
			isa = PBXGroup;
			children = (
				D38DD6D220E3AFD900BD3816 /* Assets.xcassets */,
				D38DD6D420E3AFD900BD3816 /* LaunchScreen.storyboard */,
			);
			path = "Supporting Files";
			sourceTree = "<group>";
		};
		D38DD6BF20E3AFD700BD3816 = {
			isa = PBXGroup;
			children = (
				D38DD6CA20E3AFD700BD3816 /* Todoey */,
				D38DD6C920E3AFD700BD3816 /* Products */,
				2E18B53517F5098383C30749 /* Pods */,
				EA8B1A53DCF38E12E93ADA72 /* Frameworks */,
			);
			sourceTree = "<group>";
		};
		D38DD6C920E3AFD700BD3816 /* Products */ = {
			isa = PBXGroup;
			children = (
				D38DD6C820E3AFD700BD3816 /* Todoey.app */,
			);
			name = Products;
			sourceTree = "<group>";
		};
		D38DD6CA20E3AFD700BD3816 /* Todoey */ = {
			isa = PBXGroup;
			children = (
				D38DD6CB20E3AFD700BD3816 /* AppDelegate.swift */,
				D362165120EA4BCC00AB9763 /* Controllers */,
				D362165020EA4BA600AB9763 /* Data Model */,
				D362165220EA4BE100AB9763 /* Views */,
				D362165320EA4BFC00AB9763 /* Supporting Files */,
				D38DD6D720E3AFD900BD3816 /* Info.plist */,
			);
			path = Todoey;
			sourceTree = "<group>";
		};
		EA8B1A53DCF38E12E93ADA72 /* Frameworks */ = {
			isa = PBXGroup;
			children = (
				2808B26AE638F232552AB0EB /* Pods_Todoey.framework */,
			);
			name = Frameworks;
			sourceTree = "<group>";
		};
/* End PBXGroup section */

/* Begin PBXNativeTarget section */
		D38DD6C720E3AFD700BD3816 /* Todoey */ = {
			isa = PBXNativeTarget;
			buildConfigurationList = D38DD6DA20E3AFD900BD3816 /* Build configuration list for PBXNativeTarget "Todoey" */;
			buildPhases = (
				6B43FA6ACC972FE6DA0A9C39 /* [CP] Check Pods Manifest.lock */,
				D38DD6C420E3AFD700BD3816 /* Sources */,
				D38DD6C520E3AFD700BD3816 /* Frameworks */,
				D38DD6C620E3AFD700BD3816 /* Resources */,
				7171C36016E8F8065C21C253 /* [CP] Embed Pods Frameworks */,
			);
			buildRules = (
			);
			dependencies = (
			);
			name = Todoey;
			productName = Todoey;
			productReference = D38DD6C820E3AFD700BD3816 /* Todoey.app */;
			productType = "com.apple.product-type.application";
		};
/* End PBXNativeTarget section */

/* Begin PBXProject section */
		D38DD6C020E3AFD700BD3816 /* Project object */ = {
			isa = PBXProject;
			attributes = {
				LastSwiftUpdateCheck = 0940;
				LastUpgradeCheck = 0940;
				ORGANIZATIONNAME = "Robert Bianca";
				TargetAttributes = {
					D38DD6C720E3AFD700BD3816 = {
						CreatedOnToolsVersion = 9.4.1;
					};
				};
			};
			buildConfigurationList = D38DD6C320E3AFD700BD3816 /* Build configuration list for PBXProject "Todoey" */;
			compatibilityVersion = "Xcode 9.3";
			developmentRegion = en;
			hasScannedForEncodings = 0;
			knownRegions = (
				en,
				Base,
			);
			mainGroup = D38DD6BF20E3AFD700BD3816;
			productRefGroup = D38DD6C920E3AFD700BD3816 /* Products */;
			projectDirPath = "";
			projectRoot = "";
			targets = (
				D38DD6C720E3AFD700BD3816 /* Todoey */,
			);
		};
/* End PBXProject section */

/* Begin PBXResourcesBuildPhase section */
		D38DD6C620E3AFD700BD3816 /* Resources */ = {
			isa = PBXResourcesBuildPhase;
			buildActionMask = 2147483647;
			files = (
				D38DD6D620E3AFD900BD3816 /* LaunchScreen.storyboard in Resources */,
				D38DD6D320E3AFD900BD3816 /* Assets.xcassets in Resources */,
				D38DD6D120E3AFD700BD3816 /* Main.storyboard in Resources */,
			);
			runOnlyForDeploymentPostprocessing = 0;
		};
/* End PBXResourcesBuildPhase section */

/* Begin PBXShellScriptBuildPhase section */
		6B43FA6ACC972FE6DA0A9C39 /* [CP] Check Pods Manifest.lock */ = {
			isa = PBXShellScriptBuildPhase;
			buildActionMask = 2147483647;
			files = (
			);
			inputPaths = (
				"${PODS_PODFILE_DIR_PATH}/Podfile.lock",
				"${PODS_ROOT}/Manifest.lock",
			);
			name = "[CP] Check Pods Manifest.lock";
			outputPaths = (
				"$(DERIVED_FILE_DIR)/Pods-Todoey-checkManifestLockResult.txt",
			);
			runOnlyForDeploymentPostprocessing = 0;
			shellPath = /bin/sh;
			shellScript = "diff \"${PODS_PODFILE_DIR_PATH}/Podfile.lock\" \"${PODS_ROOT}/Manifest.lock\" > /dev/null\nif [ $? != 0 ] ; then\n    # print error to STDERR\n    echo \"error: The sandbox is not in sync with the Podfile.lock. Run 'pod install' or update your CocoaPods installation.\" >&2\n    exit 1\nfi\n# This output is used by Xcode 'outputs' to avoid re-running this script phase.\necho \"SUCCESS\" > \"${SCRIPT_OUTPUT_FILE_0}\"\n";
			showEnvVarsInLog = 0;
		};
		7171C36016E8F8065C21C253 /* [CP] Embed Pods Frameworks */ = {
			isa = PBXShellScriptBuildPhase;
			buildActionMask = 2147483647;
			files = (
			);
			inputPaths = (
				"${SRCROOT}/Pods/Target Support Files/Pods-Todoey/Pods-Todoey-frameworks.sh",
				"${BUILT_PRODUCTS_DIR}/Realm/Realm.framework",
				"${BUILT_PRODUCTS_DIR}/RealmSwift/RealmSwift.framework",
			);
			name = "[CP] Embed Pods Frameworks";
			outputPaths = (
				"${TARGET_BUILD_DIR}/${FRAMEWORKS_FOLDER_PATH}/Realm.framework",
				"${TARGET_BUILD_DIR}/${FRAMEWORKS_FOLDER_PATH}/RealmSwift.framework",
			);
			runOnlyForDeploymentPostprocessing = 0;
			shellPath = /bin/sh;
			shellScript = "\"${SRCROOT}/Pods/Target Support Files/Pods-Todoey/Pods-Todoey-frameworks.sh\"\n";
			showEnvVarsInLog = 0;
		};
/* End PBXShellScriptBuildPhase section */

/* Begin PBXSourcesBuildPhase section */
		D38DD6C420E3AFD700BD3816 /* Sources */ = {
			isa = PBXSourcesBuildPhase;
			buildActionMask = 2147483647;
			files = (
				D39441E920F6314E00351168 /* Item.swift in Sources */,
				D348BB8220F3649C00AC9D4E /* CategoryViewController.swift in Sources */,
				D38DD6CE20E3AFD700BD3816 /* TodoListViewController.swift in Sources */,
				D38DD6CC20E3AFD700BD3816 /* AppDelegate.swift in Sources */,
				D39441EB20F6317700351168 /* Category.swift in Sources */,
			);
			runOnlyForDeploymentPostprocessing = 0;
		};
/* End PBXSourcesBuildPhase section */

/* Begin PBXVariantGroup section */
		D38DD6CF20E3AFD700BD3816 /* Main.storyboard */ = {
			isa = PBXVariantGroup;
			children = (
				D38DD6D020E3AFD700BD3816 /* Base */,
			);
			name = Main.storyboard;
			sourceTree = "<group>";
		};
		D38DD6D420E3AFD900BD3816 /* LaunchScreen.storyboard */ = {
			isa = PBXVariantGroup;
			children = (
				D38DD6D520E3AFD900BD3816 /* Base */,
			);
			name = LaunchScreen.storyboard;
			sourceTree = "<group>";
		};
/* End PBXVariantGroup section */

/* Begin XCBuildConfiguration section */
		D38DD6D820E3AFD900BD3816 /* Debug */ = {
			isa = XCBuildConfiguration;
			buildSettings = {
				ALWAYS_SEARCH_USER_PATHS = NO;
				CLANG_ANALYZER_NONNULL = YES;
				CLANG_ANALYZER_NUMBER_OBJECT_CONVERSION = YES_AGGRESSIVE;
				CLANG_CXX_LANGUAGE_STANDARD = "gnu++14";
				CLANG_CXX_LIBRARY = "libc++";
				CLANG_ENABLE_MODULES = YES;
				CLANG_ENABLE_OBJC_ARC = YES;
				CLANG_ENABLE_OBJC_WEAK = YES;
				CLANG_WARN_BLOCK_CAPTURE_AUTORELEASING = YES;
				CLANG_WARN_BOOL_CONVERSION = YES;
				CLANG_WARN_COMMA = YES;
				CLANG_WARN_CONSTANT_CONVERSION = YES;
				CLANG_WARN_DEPRECATED_OBJC_IMPLEMENTATIONS = YES;
				CLANG_WARN_DIRECT_OBJC_ISA_USAGE = YES_ERROR;
				CLANG_WARN_DOCUMENTATION_COMMENTS = YES;
				CLANG_WARN_EMPTY_BODY = YES;
				CLANG_WARN_ENUM_CONVERSION = YES;
				CLANG_WARN_INFINITE_RECURSION = YES;
				CLANG_WARN_INT_CONVERSION = YES;
				CLANG_WARN_NON_LITERAL_NULL_CONVERSION = YES;
				CLANG_WARN_OBJC_IMPLICIT_RETAIN_SELF = YES;
				CLANG_WARN_OBJC_LITERAL_CONVERSION = YES;
				CLANG_WARN_OBJC_ROOT_CLASS = YES_ERROR;
				CLANG_WARN_RANGE_LOOP_ANALYSIS = YES;
				CLANG_WARN_STRICT_PROTOTYPES = YES;
				CLANG_WARN_SUSPICIOUS_MOVE = YES;
				CLANG_WARN_UNGUARDED_AVAILABILITY = YES_AGGRESSIVE;
				CLANG_WARN_UNREACHABLE_CODE = YES;
				CLANG_WARN__DUPLICATE_METHOD_MATCH = YES;
				CODE_SIGN_IDENTITY = "iPhone Developer";
				COPY_PHASE_STRIP = NO;
				DEBUG_INFORMATION_FORMAT = dwarf;
				ENABLE_STRICT_OBJC_MSGSEND = YES;
				ENABLE_TESTABILITY = YES;
				GCC_C_LANGUAGE_STANDARD = gnu11;
				GCC_DYNAMIC_NO_PIC = NO;
				GCC_NO_COMMON_BLOCKS = YES;
				GCC_OPTIMIZATION_LEVEL = 0;
				GCC_PREPROCESSOR_DEFINITIONS = (
					"DEBUG=1",
					"$(inherited)",
				);
				GCC_WARN_64_TO_32_BIT_CONVERSION = YES;
				GCC_WARN_ABOUT_RETURN_TYPE = YES_ERROR;
				GCC_WARN_UNDECLARED_SELECTOR = YES;
				GCC_WARN_UNINITIALIZED_AUTOS = YES_AGGRESSIVE;
				GCC_WARN_UNUSED_FUNCTION = YES;
				GCC_WARN_UNUSED_VARIABLE = YES;
				IPHONEOS_DEPLOYMENT_TARGET = 11.4;
				MTL_ENABLE_DEBUG_INFO = YES;
				ONLY_ACTIVE_ARCH = YES;
				SDKROOT = iphoneos;
				SWIFT_ACTIVE_COMPILATION_CONDITIONS = DEBUG;
				SWIFT_OPTIMIZATION_LEVEL = "-Onone";
			};
			name = Debug;
		};
		D38DD6D920E3AFD900BD3816 /* Release */ = {
			isa = XCBuildConfiguration;
			buildSettings = {
				ALWAYS_SEARCH_USER_PATHS = NO;
				CLANG_ANALYZER_NONNULL = YES;
				CLANG_ANALYZER_NUMBER_OBJECT_CONVERSION = YES_AGGRESSIVE;
				CLANG_CXX_LANGUAGE_STANDARD = "gnu++14";
				CLANG_CXX_LIBRARY = "libc++";
				CLANG_ENABLE_MODULES = YES;
				CLANG_ENABLE_OBJC_ARC = YES;
				CLANG_ENABLE_OBJC_WEAK = YES;
				CLANG_WARN_BLOCK_CAPTURE_AUTORELEASING = YES;
				CLANG_WARN_BOOL_CONVERSION = YES;
				CLANG_WARN_COMMA = YES;
				CLANG_WARN_CONSTANT_CONVERSION = YES;
				CLANG_WARN_DEPRECATED_OBJC_IMPLEMENTATIONS = YES;
				CLANG_WARN_DIRECT_OBJC_ISA_USAGE = YES_ERROR;
				CLANG_WARN_DOCUMENTATION_COMMENTS = YES;
				CLANG_WARN_EMPTY_BODY = YES;
				CLANG_WARN_ENUM_CONVERSION = YES;
				CLANG_WARN_INFINITE_RECURSION = YES;
				CLANG_WARN_INT_CONVERSION = YES;
				CLANG_WARN_NON_LITERAL_NULL_CONVERSION = YES;
				CLANG_WARN_OBJC_IMPLICIT_RETAIN_SELF = YES;
				CLANG_WARN_OBJC_LITERAL_CONVERSION = YES;
				CLANG_WARN_OBJC_ROOT_CLASS = YES_ERROR;
				CLANG_WARN_RANGE_LOOP_ANALYSIS = YES;
				CLANG_WARN_STRICT_PROTOTYPES = YES;
				CLANG_WARN_SUSPICIOUS_MOVE = YES;
				CLANG_WARN_UNGUARDED_AVAILABILITY = YES_AGGRESSIVE;
				CLANG_WARN_UNREACHABLE_CODE = YES;
				CLANG_WARN__DUPLICATE_METHOD_MATCH = YES;
				CODE_SIGN_IDENTITY = "iPhone Developer";
				COPY_PHASE_STRIP = NO;
				DEBUG_INFORMATION_FORMAT = "dwarf-with-dsym";
				ENABLE_NS_ASSERTIONS = NO;
				ENABLE_STRICT_OBJC_MSGSEND = YES;
				GCC_C_LANGUAGE_STANDARD = gnu11;
				GCC_NO_COMMON_BLOCKS = YES;
				GCC_WARN_64_TO_32_BIT_CONVERSION = YES;
				GCC_WARN_ABOUT_RETURN_TYPE = YES_ERROR;
				GCC_WARN_UNDECLARED_SELECTOR = YES;
				GCC_WARN_UNINITIALIZED_AUTOS = YES_AGGRESSIVE;
				GCC_WARN_UNUSED_FUNCTION = YES;
				GCC_WARN_UNUSED_VARIABLE = YES;
				IPHONEOS_DEPLOYMENT_TARGET = 11.4;
				MTL_ENABLE_DEBUG_INFO = NO;
				SDKROOT = iphoneos;
				SWIFT_COMPILATION_MODE = wholemodule;
				SWIFT_OPTIMIZATION_LEVEL = "-O";
				VALIDATE_PRODUCT = YES;
			};
			name = Release;
		};
		D38DD6DB20E3AFD900BD3816 /* Debug */ = {
			isa = XCBuildConfiguration;
			baseConfigurationReference = 8F6456DC92E3E00BEE51198E /* Pods-Todoey.debug.xcconfig */;
			buildSettings = {
				ASSETCATALOG_COMPILER_APPICON_NAME = AppIcon;
				CODE_SIGN_STYLE = Automatic;
				DEVELOPMENT_TEAM = TQQWWGWH54;
				INFOPLIST_FILE = Todoey/Info.plist;
				LD_RUNPATH_SEARCH_PATHS = (
					"$(inherited)",
					"@executable_path/Frameworks",
				);
				PRODUCT_BUNDLE_IDENTIFIER = com.RobertBianca.Todoey;
				PRODUCT_NAME = "$(TARGET_NAME)";
				SWIFT_VERSION = 4.0;
				TARGETED_DEVICE_FAMILY = "1,2";
			};
			name = Debug;
		};
		D38DD6DC20E3AFD900BD3816 /* Release */ = {
			isa = XCBuildConfiguration;
			baseConfigurationReference = 87F1D7DAF249A8BFABF381BC /* Pods-Todoey.release.xcconfig */;
			buildSettings = {
				ASSETCATALOG_COMPILER_APPICON_NAME = AppIcon;
				CODE_SIGN_STYLE = Automatic;
				DEVELOPMENT_TEAM = TQQWWGWH54;
				INFOPLIST_FILE = Todoey/Info.plist;
				LD_RUNPATH_SEARCH_PATHS = (
					"$(inherited)",
					"@executable_path/Frameworks",
				);
				PRODUCT_BUNDLE_IDENTIFIER = com.RobertBianca.Todoey;
				PRODUCT_NAME = "$(TARGET_NAME)";
				SWIFT_VERSION = 4.0;
				TARGETED_DEVICE_FAMILY = "1,2";
			};
			name = Release;
		};
/* End XCBuildConfiguration section */

/* Begin XCConfigurationList section */
		D38DD6C320E3AFD700BD3816 /* Build configuration list for PBXProject "Todoey" */ = {
			isa = XCConfigurationList;
			buildConfigurations = (
				D38DD6D820E3AFD900BD3816 /* Debug */,
				D38DD6D920E3AFD900BD3816 /* Release */,
			);
			defaultConfigurationIsVisible = 0;
			defaultConfigurationName = Release;
		};
		D38DD6DA20E3AFD900BD3816 /* Build configuration list for PBXNativeTarget "Todoey" */ = {
			isa = XCConfigurationList;
			buildConfigurations = (
				D38DD6DB20E3AFD900BD3816 /* Debug */,
				D38DD6DC20E3AFD900BD3816 /* Release */,
			);
			defaultConfigurationIsVisible = 0;
			defaultConfigurationName = Release;
		};
/* End XCConfigurationList section */
	};
	rootObject = D38DD6C020E3AFD700BD3816 /* Project object */;
}
